{
  "originHash" : "b6a705d8dd6f0d4158be3806ea719d567a9336bf729ad8db290d2602c3ac50ef",
  "pins" : [
    {
      "identity" : "cinekit",
      "kind" : "remoteSourceControl",
      "location" : "https://github.com/ryanjohnsontv/CineKit.git",
      "state" : {
        "revision" : "321fac477cbb99e76d74935f10225af5accf96b4",
        "version" : "0.1.1"
      }
    }
  ],
  "version" : 3
}
