{
  "originHash" : "5509bd3bf5bad578c596159406347fab83dcfd3e8b08817451f38cd34a12a8b4",
  "pins" : [
    {
      "identity" : "cinekit",
      "kind" : "remoteSourceControl",
      "location" : "https://github.com/ryanjohnsontv/CineKit.git",
      "state" : {
        "revision" : "321fac477cbb99e76d74935f10225af5accf96b4",
        "version" : "0.1.1"
      }
    }
  ],
  "version" : 3
}
